
Microsoft Visual Studio Solution File, Format Version 12.00
# Visual Studio Version 17
VisualStudioVersion = 17.4.33103.184
MinimumVisualStudioVersion = 10.0.40219.1
Project("{2150E333-8FDC-42A3-9474-1A3956D46DE8}") = "Services", "Services", "{7376B86A-58CF-40A0-A87D-323BAEA223E7}"
EndProject
Project("{2150E333-8FDC-42A3-9474-1A3956D46DE8}") = "Catalog", "Catalog", "{782EAFBF-7929-45D6-A225-039F64508ACA}"
EndProject
Project("{9A19103F-16F7-4668-BE54-9A1E7A4F7556}") = "CatalogAPI", "Services\Catalog\CatalogAPI\CatalogAPI.csproj", "{65054A2E-ADEF-4CC1-ABC8-758C20D30DC2}"
EndProject
Project("{2150E333-8FDC-42A3-9474-1A3956D46DE8}") = "BuildingBlocks", "BuildingBlocks", "{8E9F4C48-CF4F-41C7-AFFA-80936121858C}"
EndProject
Project("{9A19103F-16F7-4668-BE54-9A1E7A4F7556}") = "BuildingBlocks", "BuildingBlocks\BuildingBlocks\BuildingBlocks.csproj", "{E4477D1E-31E1-4853-8B76-6D4C5F4C7585}"
EndProject
Project("{E53339B2-1760-4266-BCC7-CA923CBCF16C}") = "docker-compose", "docker-compose.dcproj", "{EDE48472-F1AA-4E3C-BD62-C31278C7C126}"
EndProject
Project("{2150E333-8FDC-42A3-9474-1A3956D46DE8}") = "Basket", "Basket", "{C69DE7DB-C4C8-490B-A2C9-0F09CC44F068}"
EndProject
Project("{9A19103F-16F7-4668-BE54-9A1E7A4F7556}") = "Basket.API", "Services\Basket\Basket.API\Basket.API.csproj", "{DFDBB495-5B50-42D0-88C3-3C00BFFF68F0}"
EndProject
Project("{2150E333-8FDC-42A3-9474-1A3956D46DE8}") = "Discount", "Discount", "{C0131E98-2B0A-4823-B52C-D0FB943CB42D}"
EndProject
Project("{9A19103F-16F7-4668-BE54-9A1E7A4F7556}") = "DiscountGrpc", "Services\Discount\DiscountGrpc\DiscountGrpc.csproj", "{E8A634F1-490C-459D-93FD-2460040EE95E}"
EndProject
Project("{2150E333-8FDC-42A3-9474-1A3956D46DE8}") = "Ordering", "Ordering", "{CFA8F73F-0CE0-4EB5-ABAA-E378A441C997}"
EndProject
Project("{FAE04EC0-301F-11D3-BF4B-00C04F79EFBC}") = "Ordering.API", "Services\Ordering\Ordering.API\Ordering.API.csproj", "{E47E00FD-1B36-474B-BCBA-110B2E009A15}"
EndProject
Project("{FAE04EC0-301F-11D3-BF4B-00C04F79EFBC}") = "Ordering.Domain", "Services\Ordering\Ordering.Domain\Ordering.Domain.csproj", "{44D7312C-0126-4C92-8F18-F321E66112A6}"
EndProject
Project("{FAE04EC0-301F-11D3-BF4B-00C04F79EFBC}") = "Ordering.Application", "Services\Ordering\Ordering.Application\Ordering.Application.csproj", "{EDC05CF1-9996-4C3D-9804-ADB37C48A0E9}"
EndProject
Project("{FAE04EC0-301F-11D3-BF4B-00C04F79EFBC}") = "Ordering.Infrastructure", "Services\Ordering\Ordering.Infrastructure\Ordering.Infrastructure.csproj", "{BAD40DE7-BB57-4AB8-A812-3C78768E3F9F}"
EndProject
Global
	GlobalSection(SolutionConfigurationPlatforms) = preSolution
		Debug|Any CPU = Debug|Any CPU
		Release|Any CPU = Release|Any CPU
	EndGlobalSection
	GlobalSection(ProjectConfigurationPlatforms) = postSolution
		{65054A2E-ADEF-4CC1-ABC8-758C20D30DC2}.Debug|Any CPU.ActiveCfg = Debug|Any CPU
		{65054A2E-ADEF-4CC1-ABC8-758C20D30DC2}.Debug|Any CPU.Build.0 = Debug|Any CPU
		{65054A2E-ADEF-4CC1-ABC8-758C20D30DC2}.Release|Any CPU.ActiveCfg = Release|Any CPU
		{65054A2E-ADEF-4CC1-ABC8-758C20D30DC2}.Release|Any CPU.Build.0 = Release|Any CPU
		{E4477D1E-31E1-4853-8B76-6D4C5F4C7585}.Debug|Any CPU.ActiveCfg = Debug|Any CPU
		{E4477D1E-31E1-4853-8B76-6D4C5F4C7585}.Debug|Any CPU.Build.0 = Debug|Any CPU
		{E4477D1E-31E1-4853-8B76-6D4C5F4C7585}.Release|Any CPU.ActiveCfg = Release|Any CPU
		{E4477D1E-31E1-4853-8B76-6D4C5F4C7585}.Release|Any CPU.Build.0 = Release|Any CPU
		{EDE48472-F1AA-4E3C-BD62-C31278C7C126}.Debug|Any CPU.ActiveCfg = Debug|Any CPU
		{EDE48472-F1AA-4E3C-BD62-C31278C7C126}.Debug|Any CPU.Build.0 = Debug|Any CPU
		{EDE48472-F1AA-4E3C-BD62-C31278C7C126}.Release|Any CPU.ActiveCfg = Release|Any CPU
		{EDE48472-F1AA-4E3C-BD62-C31278C7C126}.Release|Any CPU.Build.0 = Release|Any CPU
		{DFDBB495-5B50-42D0-88C3-3C00BFFF68F0}.Debug|Any CPU.ActiveCfg = Debug|Any CPU
		{DFDBB495-5B50-42D0-88C3-3C00BFFF68F0}.Debug|Any CPU.Build.0 = Debug|Any CPU
		{DFDBB495-5B50-42D0-88C3-3C00BFFF68F0}.Release|Any CPU.ActiveCfg = Release|Any CPU
		{DFDBB495-5B50-42D0-88C3-3C00BFFF68F0}.Release|Any CPU.Build.0 = Release|Any CPU
		{E8A634F1-490C-459D-93FD-2460040EE95E}.Debug|Any CPU.ActiveCfg = Debug|Any CPU
		{E8A634F1-490C-459D-93FD-2460040EE95E}.Debug|Any CPU.Build.0 = Debug|Any CPU
		{E8A634F1-490C-459D-93FD-2460040EE95E}.Release|Any CPU.ActiveCfg = Release|Any CPU
		{E8A634F1-490C-459D-93FD-2460040EE95E}.Release|Any CPU.Build.0 = Release|Any CPU
		{E47E00FD-1B36-474B-BCBA-110B2E009A15}.Debug|Any CPU.ActiveCfg = Debug|Any CPU
		{E47E00FD-1B36-474B-BCBA-110B2E009A15}.Debug|Any CPU.Build.0 = Debug|Any CPU
		{E47E00FD-1B36-474B-BCBA-110B2E009A15}.Release|Any CPU.ActiveCfg = Release|Any CPU
		{E47E00FD-1B36-474B-BCBA-110B2E009A15}.Release|Any CPU.Build.0 = Release|Any CPU
		{44D7312C-0126-4C92-8F18-F321E66112A6}.Debug|Any CPU.ActiveCfg = Debug|Any CPU
		{44D7312C-0126-4C92-8F18-F321E66112A6}.Debug|Any CPU.Build.0 = Debug|Any CPU
		{44D7312C-0126-4C92-8F18-F321E66112A6}.Release|Any CPU.ActiveCfg = Release|Any CPU
		{44D7312C-0126-4C92-8F18-F321E66112A6}.Release|Any CPU.Build.0 = Release|Any CPU
		{EDC05CF1-9996-4C3D-9804-ADB37C48A0E9}.Debug|Any CPU.ActiveCfg = Debug|Any CPU
		{EDC05CF1-9996-4C3D-9804-ADB37C48A0E9}.Debug|Any CPU.Build.0 = Debug|Any CPU
		{EDC05CF1-9996-4C3D-9804-ADB37C48A0E9}.Release|Any CPU.ActiveCfg = Release|Any CPU
		{EDC05CF1-9996-4C3D-9804-ADB37C48A0E9}.Release|Any CPU.Build.0 = Release|Any CPU
		{BAD40DE7-BB57-4AB8-A812-3C78768E3F9F}.Debug|Any CPU.ActiveCfg = Debug|Any CPU
		{BAD40DE7-BB57-4AB8-A812-3C78768E3F9F}.Debug|Any CPU.Build.0 = Debug|Any CPU
		{BAD40DE7-BB57-4AB8-A812-3C78768E3F9F}.Release|Any CPU.ActiveCfg = Release|Any CPU
		{BAD40DE7-BB57-4AB8-A812-3C78768E3F9F}.Release|Any CPU.Build.0 = Release|Any CPU
	EndGlobalSection
	GlobalSection(SolutionProperties) = preSolution
		HideSolutionNode = FALSE
	EndGlobalSection
	GlobalSection(NestedProjects) = preSolution
		{782EAFBF-7929-45D6-A225-039F64508ACA} = {7376B86A-58CF-40A0-A87D-323BAEA223E7}
		{65054A2E-ADEF-4CC1-ABC8-758C20D30DC2} = {782EAFBF-7929-45D6-A225-039F64508ACA}
		{E4477D1E-31E1-4853-8B76-6D4C5F4C7585} = {8E9F4C48-CF4F-41C7-AFFA-80936121858C}
		{C69DE7DB-C4C8-490B-A2C9-0F09CC44F068} = {7376B86A-58CF-40A0-A87D-323BAEA223E7}
		{DFDBB495-5B50-42D0-88C3-3C00BFFF68F0} = {C69DE7DB-C4C8-490B-A2C9-0F09CC44F068}
		{C0131E98-2B0A-4823-B52C-D0FB943CB42D} = {7376B86A-58CF-40A0-A87D-323BAEA223E7}
		{E8A634F1-490C-459D-93FD-2460040EE95E} = {C0131E98-2B0A-4823-B52C-D0FB943CB42D}
		{CFA8F73F-0CE0-4EB5-ABAA-E378A441C997} = {7376B86A-58CF-40A0-A87D-323BAEA223E7}
		{E47E00FD-1B36-474B-BCBA-110B2E009A15} = {CFA8F73F-0CE0-4EB5-ABAA-E378A441C997}
		{44D7312C-0126-4C92-8F18-F321E66112A6} = {CFA8F73F-0CE0-4EB5-ABAA-E378A441C997}
		{EDC05CF1-9996-4C3D-9804-ADB37C48A0E9} = {CFA8F73F-0CE0-4EB5-ABAA-E378A441C997}
		{BAD40DE7-BB57-4AB8-A812-3C78768E3F9F} = {CFA8F73F-0CE0-4EB5-ABAA-E378A441C997}
	EndGlobalSection
	GlobalSection(ExtensibilityGlobals) = postSolution
		SolutionGuid = {A31A210D-4EBB-43B7-A437-A572303AB6FE}
	EndGlobalSection
EndGlobal
